// !$*UTF8*$!
{
	archiveVersion = 1;
	classes = {
	};
	objectVersion = 46;
	objects = {

/* Begin PBXBuildFile section */
		CEBC6E922AA66F3900A76DE0 /* Config.swift in Sources */ = {isa = PBXBuildFile; fileRef = CEBC6E912AA66F3900A76DE0 /* Config.swift */; };
		CEBC6E952AA66F4900A76DE0 /* FaceTecViewController.swift in Sources */ = {isa = PBXBuildFile; fileRef = CEBC6E942AA66F4900A76DE0 /* FaceTecViewController.swift */; };
		CEBC6E982AA66F5800A76DE0 /* FaceTecUtilities.swift in Sources */ = {isa = PBXBuildFile; fileRef = CEBC6E972AA66F5800A76DE0 /* FaceTecUtilities.swift */; };
		CEBC6EA52AA66FDD00A76DE0 /* ThemeHelpers.swift in Sources */ = {isa = PBXBuildFile; fileRef = CEBC6EA42AA66FDD00A76DE0 /* ThemeHelpers.swift */; };
		CEBC6EAC2AA66FF300A76DE0 /* LivenessCheckProcessor.swift in Sources */ = {isa = PBXBuildFile; fileRef = CEBC6EA62AA66FF300A76DE0 /* LivenessCheckProcessor.swift */; };
		CEBC6EAD2AA66FF300A76DE0 /* ProcesingDelegate.swift in Sources */ = {isa = PBXBuildFile; fileRef = CEBC6EA72AA66FF300A76DE0 /* ProcesingDelegate.swift */; };
		CEBC6EAE2AA66FF300A76DE0 /* EnrollmentProcessor.swift in Sources */ = {isa = PBXBuildFile; fileRef = CEBC6EA82AA66FF300A76DE0 /* EnrollmentProcessor.swift */; };
		CEBC6EAF2AA66FF300A76DE0 /* PhotoIDMatchProcessor.swift in Sources */ = {isa = PBXBuildFile; fileRef = CEBC6EA92AA66FF300A76DE0 /* PhotoIDMatchProcessor.swift */; };
		CEBC6EB02AA66FF300A76DE0 /* PhotoIDScanProcessor.swift in Sources */ = {isa = PBXBuildFile; fileRef = CEBC6EAA2AA66FF300A76DE0 /* PhotoIDScanProcessor.swift */; };
		CEBC6EB12AA66FF300A76DE0 /* AuthenticateProcessor.swift in Sources */ = {isa = PBXBuildFile; fileRef = CEBC6EAB2AA66FF300A76DE0 /* AuthenticateProcessor.swift */; };
		CEE455C32AA6869C0063FD54 /* ThemeUtils.swift in Sources */ = {isa = PBXBuildFile; fileRef = CEE455C22AA6869C0063FD54 /* ThemeUtils.swift */; };
		CEE7AF452AB09DDF00E90A50 /* FaceConfig.swift in Sources */ = {isa = PBXBuildFile; fileRef = CEE7AF442AB09DDF00E90A50 /* FaceConfig.swift */; };
		CEE7AF472AB09E7000E90A50 /* FaceProcessor.swift in Sources */ = {isa = PBXBuildFile; fileRef = CEE7AF462AB09E7000E90A50 /* FaceProcessor.swift */; };
		CEE7AF492AB09FBD00E90A50 /* KeyFaceProcessor.swift in Sources */ = {isa = PBXBuildFile; fileRef = CEE7AF482AB09FBD00E90A50 /* KeyFaceProcessor.swift */; };
		CEFB5DC12AA8C04300A33DAB /* FaceTecSDK.framework in Frameworks */ = {isa = PBXBuildFile; fileRef = CEFB5DC02AA8C04300A33DAB /* FaceTecSDK.framework */; };
		F4FF95D7245B92E800C19C63 /* ReactNativeCapfaceSdk.swift in Sources */ = {isa = PBXBuildFile; fileRef = F4FF95D6245B92E800C19C63 /* ReactNativeCapfaceSdk.swift */; };
/* End PBXBuildFile section */

/* Begin PBXCopyFilesBuildPhase section */
		58B511D91A9E6C8500147676 /* CopyFiles */ = {
			isa = PBXCopyFilesBuildPhase;
			buildActionMask = 2147483647;
			dstPath = "include/$(PRODUCT_NAME)";
			dstSubfolderSpec = 16;
			files = (
			);
			runOnlyForDeploymentPostprocessing = 0;
		};
/* End PBXCopyFilesBuildPhase section */

/* Begin PBXFileReference section */
		134814201AA4EA6300B7C361 /* libReactNativeCapfaceSdk.a */ = {isa = PBXFileReference; explicitFileType = archive.ar; includeInIndex = 0; path = libReactNativeCapfaceSdk.a; sourceTree = BUILT_PRODUCTS_DIR; };
		B3E7B5891CC2AC0600A0062D /* ReactNativeCapfaceSdk.mm */ = {isa = PBXFileReference; fileEncoding = 4; lastKnownFileType = sourcecode.c.objc; path = ReactNativeCapfaceSdk.mm; sourceTree = "<group>"; };
		CEBC6E912AA66F3900A76DE0 /* Config.swift */ = {isa = PBXFileReference; fileEncoding = 4; lastKnownFileType = sourcecode.swift; path = Config.swift; sourceTree = "<group>"; };
		CEBC6E942AA66F4900A76DE0 /* FaceTecViewController.swift */ = {isa = PBXFileReference; fileEncoding = 4; lastKnownFileType = sourcecode.swift; path = FaceTecViewController.swift; sourceTree = "<group>"; };
		CEBC6E972AA66F5800A76DE0 /* FaceTecUtilities.swift */ = {isa = PBXFileReference; fileEncoding = 4; lastKnownFileType = sourcecode.swift; path = FaceTecUtilities.swift; sourceTree = "<group>"; };
		CEBC6EA42AA66FDD00A76DE0 /* ThemeHelpers.swift */ = {isa = PBXFileReference; fileEncoding = 4; lastKnownFileType = sourcecode.swift; path = ThemeHelpers.swift; sourceTree = "<group>"; };
		CEBC6EA62AA66FF300A76DE0 /* LivenessCheckProcessor.swift */ = {isa = PBXFileReference; fileEncoding = 4; lastKnownFileType = sourcecode.swift; path = LivenessCheckProcessor.swift; sourceTree = "<group>"; };
		CEBC6EA72AA66FF300A76DE0 /* ProcesingDelegate.swift */ = {isa = PBXFileReference; fileEncoding = 4; lastKnownFileType = sourcecode.swift; path = ProcesingDelegate.swift; sourceTree = "<group>"; };
		CEBC6EA82AA66FF300A76DE0 /* EnrollmentProcessor.swift */ = {isa = PBXFileReference; fileEncoding = 4; lastKnownFileType = sourcecode.swift; path = EnrollmentProcessor.swift; sourceTree = "<group>"; };
		CEBC6EA92AA66FF300A76DE0 /* PhotoIDMatchProcessor.swift */ = {isa = PBXFileReference; fileEncoding = 4; lastKnownFileType = sourcecode.swift; path = PhotoIDMatchProcessor.swift; sourceTree = "<group>"; };
		CEBC6EAA2AA66FF300A76DE0 /* PhotoIDScanProcessor.swift */ = {isa = PBXFileReference; fileEncoding = 4; lastKnownFileType = sourcecode.swift; path = PhotoIDScanProcessor.swift; sourceTree = "<group>"; };
		CEBC6EAB2AA66FF300A76DE0 /* AuthenticateProcessor.swift */ = {isa = PBXFileReference; fileEncoding = 4; lastKnownFileType = sourcecode.swift; path = AuthenticateProcessor.swift; sourceTree = "<group>"; };
		CEE455C22AA6869C0063FD54 /* ThemeUtils.swift */ = {isa = PBXFileReference; lastKnownFileType = sourcecode.swift; path = ThemeUtils.swift; sourceTree = "<group>"; };
		CEE7AF442AB09DDF00E90A50 /* FaceConfig.swift */ = {isa = PBXFileReference; lastKnownFileType = sourcecode.swift; path = FaceConfig.swift; sourceTree = "<group>"; };
		CEE7AF462AB09E7000E90A50 /* FaceProcessor.swift */ = {isa = PBXFileReference; lastKnownFileType = sourcecode.swift; path = FaceProcessor.swift; sourceTree = "<group>"; };
		CEE7AF482AB09FBD00E90A50 /* KeyFaceProcessor.swift */ = {isa = PBXFileReference; lastKnownFileType = sourcecode.swift; path = KeyFaceProcessor.swift; sourceTree = "<group>"; };
		CEFB5DC02AA8C04300A33DAB /* FaceTecSDK.framework */ = {isa = PBXFileReference; lastKnownFileType = wrapper.framework; path = FaceTecSDK.framework; sourceTree = "<group>"; };
		F4FF95D5245B92E700C19C63 /* ReactNativeCapfaceSdk-Bridging-Header.h */ = {isa = PBXFileReference; lastKnownFileType = sourcecode.c.h; path = "ReactNativeCapfaceSdk-Bridging-Header.h"; sourceTree = "<group>"; };
		F4FF95D6245B92E800C19C63 /* ReactNativeCapfaceSdk.swift */ = {isa = PBXFileReference; lastKnownFileType = sourcecode.swift; path = ReactNativeCapfaceSdk.swift; sourceTree = "<group>"; };
/* End PBXFileReference section */

/* Begin PBXFrameworksBuildPhase section */
		58B511D81A9E6C8500147676 /* Frameworks */ = {
			isa = PBXFrameworksBuildPhase;
			buildActionMask = 2147483647;
			files = (
				CEFB5DC12AA8C04300A33DAB /* FaceTecSDK.framework in Frameworks */,
			);
			runOnlyForDeploymentPostprocessing = 0;
		};
/* End PBXFrameworksBuildPhase section */

/* Begin PBXGroup section */
		134814211AA4EA7D00B7C361 /* Products */ = {
			isa = PBXGroup;
			children = (
				134814201AA4EA6300B7C361 /* libReactNativeCapfaceSdk.a */,
			);
			name = Products;
			sourceTree = "<group>";
		};
		58B511D21A9E6C8500147676 = {
			isa = PBXGroup;
			children = (
				CEF929EB2AA6836600777D78 /* Frameworks */,
				CEBC6EA22AA66FC900A76DE0 /* Processors */,
				CEBC6E962AA66F4E00A76DE0 /* Utilities */,
				CEBC6E932AA66F4000A76DE0 /* ViewController */,
				CEBC6E912AA66F3900A76DE0 /* Config.swift */,
				F4FF95D6245B92E800C19C63 /* ReactNativeCapfaceSdk.swift */,
				B3E7B5891CC2AC0600A0062D /* ReactNativeCapfaceSdk.mm */,
				F4FF95D5245B92E700C19C63 /* ReactNativeCapfaceSdk-Bridging-Header.h */,
				134814211AA4EA7D00B7C361 /* Products */,
			);
			sourceTree = "<group>";
		};
		CEBC6E932AA66F4000A76DE0 /* ViewController */ = {
			isa = PBXGroup;
			children = (
				CEBC6E942AA66F4900A76DE0 /* FaceTecViewController.swift */,
			);
			path = ViewController;
			sourceTree = "<group>";
		};
		CEBC6E962AA66F4E00A76DE0 /* Utilities */ = {
			isa = PBXGroup;
			children = (
				CEBC6E972AA66F5800A76DE0 /* FaceTecUtilities.swift */,
			);
			path = Utilities;
			sourceTree = "<group>";
		};
		CEBC6EA22AA66FC900A76DE0 /* Processors */ = {
			isa = PBXGroup;
			children = (
				CEBC6EA32AA66FD200A76DE0 /* Helpers */,
				CEBC6EAB2AA66FF300A76DE0 /* AuthenticateProcessor.swift */,
				CEBC6EA82AA66FF300A76DE0 /* EnrollmentProcessor.swift */,
				CEBC6EA62AA66FF300A76DE0 /* LivenessCheckProcessor.swift */,
				CEBC6EA92AA66FF300A76DE0 /* PhotoIDMatchProcessor.swift */,
				CEBC6EAA2AA66FF300A76DE0 /* PhotoIDScanProcessor.swift */,
				CEBC6EA72AA66FF300A76DE0 /* ProcesingDelegate.swift */,
				CEE7AF442AB09DDF00E90A50 /* FaceConfig.swift */,
				CEE7AF462AB09E7000E90A50 /* FaceProcessor.swift */,
				CEE7AF482AB09FBD00E90A50 /* KeyFaceProcessor.swift */,
			);
			path = Processors;
			sourceTree = "<group>";
		};
		CEBC6EA32AA66FD200A76DE0 /* Helpers */ = {
			isa = PBXGroup;
			children = (
				CEBC6EA42AA66FDD00A76DE0 /* ThemeHelpers.swift */,
				CEE455C22AA6869C0063FD54 /* ThemeUtils.swift */,
			);
			path = Helpers;
			sourceTree = "<group>";
		};
		CEF929EB2AA6836600777D78 /* Frameworks */ = {
			isa = PBXGroup;
			children = (
				CEFB5DC02AA8C04300A33DAB /* FaceTecSDK.framework */,
			);
			path = Frameworks;
			sourceTree = "<group>";
		};
/* End PBXGroup section */

/* Begin PBXNativeTarget section */
		58B511DA1A9E6C8500147676 /* ReactNativeCapfaceSdk */ = {
			isa = PBXNativeTarget;
			buildConfigurationList = 58B511EF1A9E6C8500147676 /* Build configuration list for PBXNativeTarget "ReactNativeCapfaceSdk" */;
			buildPhases = (
				58B511D71A9E6C8500147676 /* Sources */,
				58B511D81A9E6C8500147676 /* Frameworks */,
				58B511D91A9E6C8500147676 /* CopyFiles */,
			);
			buildRules = (
			);
			dependencies = (
			);
			name = ReactNativeCapfaceSdk;
			productName = RCTDataManager;
			productReference = 134814201AA4EA6300B7C361 /* libReactNativeCapfaceSdk.a */;
			productType = "com.apple.product-type.library.static";
		};
/* End PBXNativeTarget section */

/* Begin PBXProject section */
		58B511D31A9E6C8500147676 /* Project object */ = {
			isa = PBXProject;
			attributes = {
				LastUpgradeCheck = 0920;
				ORGANIZATIONNAME = Facebook;
				TargetAttributes = {
					58B511DA1A9E6C8500147676 = {
						CreatedOnToolsVersion = 6.1.1;
					};
				};
			};
			buildConfigurationList = 58B511D61A9E6C8500147676 /* Build configuration list for PBXProject "ReactNativeCapfaceSdk" */;
			compatibilityVersion = "Xcode 3.2";
			developmentRegion = English;
			hasScannedForEncodings = 0;
			knownRegions = (
				English,
				en,
			);
			mainGroup = 58B511D21A9E6C8500147676;
			productRefGroup = 58B511D21A9E6C8500147676;
			projectDirPath = "";
			projectRoot = "";
			targets = (
				58B511DA1A9E6C8500147676 /* ReactNativeCapfaceSdk */,
			);
		};
/* End PBXProject section */

/* Begin PBXSourcesBuildPhase section */
		58B511D71A9E6C8500147676 /* Sources */ = {
			isa = PBXSourcesBuildPhase;
			buildActionMask = 2147483647;
			files = (
				CEBC6E982AA66F5800A76DE0 /* FaceTecUtilities.swift in Sources */,
				CEE7AF452AB09DDF00E90A50 /* FaceConfig.swift in Sources */,
				CEBC6E952AA66F4900A76DE0 /* FaceTecViewController.swift in Sources */,
				F4FF95D7245B92E800C19C63 /* ReactNativeCapfaceSdk.swift in Sources */,
				CEE455C32AA6869C0063FD54 /* ThemeUtils.swift in Sources */,
				CEBC6EAD2AA66FF300A76DE0 /* ProcesingDelegate.swift in Sources */,
				CEBC6EA52AA66FDD00A76DE0 /* ThemeHelpers.swift in Sources */,
				CEE7AF492AB09FBD00E90A50 /* KeyFaceProcessor.swift in Sources */,
				CEE7AF472AB09E7000E90A50 /* FaceProcessor.swift in Sources */,
				CEBC6EAF2AA66FF300A76DE0 /* PhotoIDMatchProcessor.swift in Sources */,
				CEBC6EB12AA66FF300A76DE0 /* AuthenticateProcessor.swift in Sources */,
				CEBC6EB02AA66FF300A76DE0 /* PhotoIDScanProcessor.swift in Sources */,
				CEBC6EAE2AA66FF300A76DE0 /* EnrollmentProcessor.swift in Sources */,
				CEBC6EAC2AA66FF300A76DE0 /* LivenessCheckProcessor.swift in Sources */,
				CEBC6E922AA66F3900A76DE0 /* Config.swift in Sources */,
			);
			runOnlyForDeploymentPostprocessing = 0;
		};
/* End PBXSourcesBuildPhase section */

/* Begin XCBuildConfiguration section */
		58B511ED1A9E6C8500147676 /* Debug */ = {
			isa = XCBuildConfiguration;
			buildSettings = {
				ALWAYS_SEARCH_USER_PATHS = NO;
				CLANG_CXX_LANGUAGE_STANDARD = "gnu++0x";
				CLANG_CXX_LIBRARY = "libc++";
				CLANG_ENABLE_MODULES = YES;
				CLANG_ENABLE_OBJC_ARC = YES;
				CLANG_WARN_BLOCK_CAPTURE_AUTORELEASING = YES;
				CLANG_WARN_BOOL_CONVERSION = YES;
				CLANG_WARN_COMMA = YES;
				CLANG_WARN_CONSTANT_CONVERSION = YES;
				CLANG_WARN_DIRECT_OBJC_ISA_USAGE = YES_ERROR;
				CLANG_WARN_EMPTY_BODY = YES;
				CLANG_WARN_ENUM_CONVERSION = YES;
				CLANG_WARN_INFINITE_RECURSION = YES;
				CLANG_WARN_INT_CONVERSION = YES;
				CLANG_WARN_NON_LITERAL_NULL_CONVERSION = YES;
				CLANG_WARN_OBJC_LITERAL_CONVERSION = YES;
				CLANG_WARN_OBJC_ROOT_CLASS = YES_ERROR;
				CLANG_WARN_RANGE_LOOP_ANALYSIS = YES;
				CLANG_WARN_STRICT_PROTOTYPES = YES;
				CLANG_WARN_SUSPICIOUS_MOVE = YES;
				CLANG_WARN_UNREACHABLE_CODE = YES;
				CLANG_WARN__DUPLICATE_METHOD_MATCH = YES;
				COPY_PHASE_STRIP = NO;
				ENABLE_STRICT_OBJC_MSGSEND = YES;
				ENABLE_TESTABILITY = YES;
				"EXCLUDED_ARCHS[sdk=*]" = arm64;
				GCC_C_LANGUAGE_STANDARD = gnu99;
				GCC_DYNAMIC_NO_PIC = NO;
				GCC_NO_COMMON_BLOCKS = YES;
				GCC_OPTIMIZATION_LEVEL = 0;
				GCC_PREPROCESSOR_DEFINITIONS = (
					"DEBUG=1",
					"$(inherited)",
				);
				GCC_SYMBOLS_PRIVATE_EXTERN = NO;
				GCC_WARN_64_TO_32_BIT_CONVERSION = YES;
				GCC_WARN_ABOUT_RETURN_TYPE = YES_ERROR;
				GCC_WARN_UNDECLARED_SELECTOR = YES;
				GCC_WARN_UNINITIALIZED_AUTOS = YES_AGGRESSIVE;
				GCC_WARN_UNUSED_FUNCTION = YES;
				GCC_WARN_UNUSED_VARIABLE = YES;
				IPHONEOS_DEPLOYMENT_TARGET = 8.0;
				MTL_ENABLE_DEBUG_INFO = YES;
				ONLY_ACTIVE_ARCH = YES;
				SDKROOT = iphoneos;
			};
			name = Debug;
		};
		58B511EE1A9E6C8500147676 /* Release */ = {
			isa = XCBuildConfiguration;
			buildSettings = {
				ALWAYS_SEARCH_USER_PATHS = NO;
				CLANG_CXX_LANGUAGE_STANDARD = "gnu++0x";
				CLANG_CXX_LIBRARY = "libc++";
				CLANG_ENABLE_MODULES = YES;
				CLANG_ENABLE_OBJC_ARC = YES;
				CLANG_WARN_BLOCK_CAPTURE_AUTORELEASING = YES;
				CLANG_WARN_BOOL_CONVERSION = YES;
				CLANG_WARN_COMMA = YES;
				CLANG_WARN_CONSTANT_CONVERSION = YES;
				CLANG_WARN_DIRECT_OBJC_ISA_USAGE = YES_ERROR;
				CLANG_WARN_EMPTY_BODY = YES;
				CLANG_WARN_ENUM_CONVERSION = YES;
				CLANG_WARN_INFINITE_RECURSION = YES;
				CLANG_WARN_INT_CONVERSION = YES;
				CLANG_WARN_NON_LITERAL_NULL_CONVERSION = YES;
				CLANG_WARN_OBJC_LITERAL_CONVERSION = YES;
				CLANG_WARN_OBJC_ROOT_CLASS = YES_ERROR;
				CLANG_WARN_RANGE_LOOP_ANALYSIS = YES;
				CLANG_WARN_STRICT_PROTOTYPES = YES;
				CLANG_WARN_SUSPICIOUS_MOVE = YES;
				CLANG_WARN_UNREACHABLE_CODE = YES;
				CLANG_WARN__DUPLICATE_METHOD_MATCH = YES;
				COPY_PHASE_STRIP = YES;
				ENABLE_NS_ASSERTIONS = NO;
				ENABLE_STRICT_OBJC_MSGSEND = YES;
				"EXCLUDED_ARCHS[sdk=*]" = arm64;
				GCC_C_LANGUAGE_STANDARD = gnu99;
				GCC_NO_COMMON_BLOCKS = YES;
				GCC_WARN_64_TO_32_BIT_CONVERSION = YES;
				GCC_WARN_ABOUT_RETURN_TYPE = YES_ERROR;
				GCC_WARN_UNDECLARED_SELECTOR = YES;
				GCC_WARN_UNINITIALIZED_AUTOS = YES_AGGRESSIVE;
				GCC_WARN_UNUSED_FUNCTION = YES;
				GCC_WARN_UNUSED_VARIABLE = YES;
				IPHONEOS_DEPLOYMENT_TARGET = 8.0;
				MTL_ENABLE_DEBUG_INFO = NO;
				SDKROOT = iphoneos;
				VALIDATE_PRODUCT = YES;
			};
			name = Release;
		};
		58B511F01A9E6C8500147676 /* Debug */ = {
			isa = XCBuildConfiguration;
			buildSettings = {
				FRAMEWORK_SEARCH_PATHS = (
					"$(inherited)",
					"$(PROJECT_DIR)/Frameworks",
				);
				HEADER_SEARCH_PATHS = (
					"$(inherited)",
					/Applications/Xcode.app/Contents/Developer/Toolchains/XcodeDefault.xctoolchain/usr/include,
					"$(SRCROOT)/../../../React/**",
					"$(SRCROOT)/../../react-native/React/**",
				);
				LIBRARY_SEARCH_PATHS = "$(inherited)";
				OTHER_LDFLAGS = "-ObjC";
				PRODUCT_NAME = ReactNativeCapfaceSdk;
				SKIP_INSTALL = YES;
				SWIFT_OBJC_BRIDGING_HEADER = "ReactNativeCapfaceSdk-Bridging-Header.h";
				SWIFT_OPTIMIZATION_LEVEL = "-Onone";
				SWIFT_VERSION = 5.0;
			};
			name = Debug;
		};
		58B511F11A9E6C8500147676 /* Release */ = {
			isa = XCBuildConfiguration;
			buildSettings = {
				FRAMEWORK_SEARCH_PATHS = (
					"$(inherited)",
					"$(PROJECT_DIR)/Frameworks",
				);
				HEADER_SEARCH_PATHS = (
					"$(inherited)",
					/Applications/Xcode.app/Contents/Developer/Toolchains/XcodeDefault.xctoolchain/usr/include,
					"$(SRCROOT)/../../../React/**",
					"$(SRCROOT)/../../react-native/React/**",
				);
				LIBRARY_SEARCH_PATHS = "$(inherited)";
				OTHER_LDFLAGS = "-ObjC";
				PRODUCT_NAME = ReactNativeCapfaceSdk;
				SKIP_INSTALL = YES;
				SWIFT_OBJC_BRIDGING_HEADER = "ReactNativeCapfaceSdk-Bridging-Header.h";
				SWIFT_VERSION = 5.0;
			};
			name = Release;
		};
/* End XCBuildConfiguration section */

/* Begin XCConfigurationList section */
		58B511D61A9E6C8500147676 /* Build configuration list for PBXProject "ReactNativeCapfaceSdk" */ = {
			isa = XCConfigurationList;
			buildConfigurations = (
				58B511ED1A9E6C8500147676 /* Debug */,
				58B511EE1A9E6C8500147676 /* Release */,
			);
			defaultConfigurationIsVisible = 0;
			defaultConfigurationName = Release;
		};
		58B511EF1A9E6C8500147676 /* Build configuration list for PBXNativeTarget "ReactNativeCapfaceSdk" */ = {
			isa = XCConfigurationList;
			buildConfigurations = (
				58B511F01A9E6C8500147676 /* Debug */,
				58B511F11A9E6C8500147676 /* Release */,
			);
			defaultConfigurationIsVisible = 0;
			defaultConfigurationName = Release;
		};
/* End XCConfigurationList section */
	};
	rootObject = 58B511D31A9E6C8500147676 /* Project object */;
}
